
Microsoft Visual Studio Solution File, Format Version 12.00
# Visual Studio Version 16
VisualStudioVersion = 16.0.30413.136
MinimumVisualStudioVersion = 10.0.40219.1
Project("{9A19103F-16F7-4668-BE54-9A1E7A4F7556}") = "Sparse_Array", "Sparse_Array.csproj", "{FD10597A-CEE1-4B88-AD5F-EA8E5B338582}"
EndProject
Project("{FAE04EC0-301F-11D3-BF4B-00C04F79EFBC}") = "Queue_Study", "..\Queue_Study\Queue_Study.csproj", "{62F549E7-C1B5-4A51-B4BF-B3E15926DA98}"
EndProject
Global
	GlobalSection(SolutionConfigurationPlatforms) = preSolution
		Debug|Any CPU = Debug|Any CPU
		Release|Any CPU = Release|Any CPU
	EndGlobalSection
	GlobalSection(ProjectConfigurationPlatforms) = postSolution
		{FD10597A-CEE1-4B88-AD5F-EA8E5B338582}.Debug|Any CPU.ActiveCfg = Debug|Any CPU
		{FD10597A-CEE1-4B88-AD5F-EA8E5B338582}.Debug|Any CPU.Build.0 = Debug|Any CPU
		{FD10597A-CEE1-4B88-AD5F-EA8E5B338582}.Release|Any CPU.ActiveCfg = Release|Any CPU
		{FD10597A-CEE1-4B88-AD5F-EA8E5B338582}.Release|Any CPU.Build.0 = Release|Any CPU
		{62F549E7-C1B5-4A51-B4BF-B3E15926DA98}.Debug|Any CPU.ActiveCfg = Debug|Any CPU
		{62F549E7-C1B5-4A51-B4BF-B3E15926DA98}.Debug|Any CPU.Build.0 = Debug|Any CPU
		{62F549E7-C1B5-4A51-B4BF-B3E15926DA98}.Release|Any CPU.ActiveCfg = Release|Any CPU
		{62F549E7-C1B5-4A51-B4BF-B3E15926DA98}.Release|Any CPU.Build.0 = Release|Any CPU
	EndGlobalSection
	GlobalSection(SolutionProperties) = preSolution
		HideSolutionNode = FALSE
	EndGlobalSection
	GlobalSection(ExtensibilityGlobals) = postSolution
		SolutionGuid = {01DF10A0-8475-415F-A15B-10842AD2531C}
	EndGlobalSection
EndGlobal
